
Microsoft Visual Studio Solution File, Format Version 12.00
# Visual Studio Version 17
VisualStudioVersion = 17.14.36212.18 d17.14
MinimumVisualStudioVersion = 10.0.40219.1
Project("{8BC9CEB8-8B4A-11D0-8D11-00A0C91BC942}") = "calc", "calc\calc.vcxproj", "{21A2001A-D92B-4435-893B-FEABC8DFED1F}"
EndProject
Global
	GlobalSection(SolutionConfigurationPlatforms) = preSolution
		Debug|x64 = Debug|x64
		Debug|x86 = Debug|x86
		Release|x64 = Release|x64
		Release|x86 = Release|x86
	EndGlobalSection
	GlobalSection(ProjectConfigurationPlatforms) = postSolution
		{21A2001A-D92B-4435-893B-FEABC8DFED1F}.Debug|x64.ActiveCfg = Debug|x64
		{21A2001A-D92B-4435-893B-FEABC8DFED1F}.Debug|x64.Build.0 = Debug|x64
		{21A2001A-D92B-4435-893B-FEABC8DFED1F}.Debug|x86.ActiveCfg = Debug|Win32
		{21A2001A-D92B-4435-893B-FEABC8DFED1F}.Debug|x86.Build.0 = Debug|Win32
		{21A2001A-D92B-4435-893B-FEABC8DFED1F}.Release|x64.ActiveCfg = Release|x64
		{21A2001A-D92B-4435-893B-FEABC8DFED1F}.Release|x64.Build.0 = Release|x64
		{21A2001A-D92B-4435-893B-FEABC8DFED1F}.Release|x86.ActiveCfg = Release|Win32
		{21A2001A-D92B-4435-893B-FEABC8DFED1F}.Release|x86.Build.0 = Release|Win32
	EndGlobalSection
	GlobalSection(SolutionProperties) = preSolution
		HideSolutionNode = FALSE
	EndGlobalSection
	GlobalSection(ExtensibilityGlobals) = postSolution
		SolutionGuid = {2D912938-7082-48DC-9CEC-A6DF9123F8D6}
	EndGlobalSection
EndGlobal
